PODS:
  - GoogleMaps (2.2.0):
    - GoogleMaps/Maps (= 2.2.0)
  - GoogleMaps/Base (2.2.0)
  - GoogleMaps/Maps (2.2.0):
    - GoogleMaps/Base

DEPENDENCIES:
  - GoogleMaps

SPEC CHECKSUMS:
  GoogleMaps: 104c418d61ab8a05dff06ed0784c25ea9d37da45

PODFILE CHECKSUM: 63b0db16d136679988f34a031ee53bc1dd3fd7d7

COCOAPODS: 1.2.0
